<?xml version="1.0" encoding="utf-8"?>
<Project ToolsVersion="4.0" xmlns="http://schemas.microsoft.com/developer/msbuild/2003">
  <ItemGroup>
    <Filter Include="Source Files">
      <UniqueIdentifier>{4FC737F1-C7A5-4376-A066-2A32D752A2FF}</UniqueIdentifier>
      <Extensions>cpp;c;cc;cxx;def;odl;idl;hpj;bat;asm;asmx</Extensions>
    </Filter>
    <Filter Include="Resource Files">
      <UniqueIdentifier>{67DA6AB6-F800-4c08-8B7A-83BB121AAD01}</UniqueIdentifier>
      <Extensions>rc;ico;cur;bmp;dlg;rc2;rct;bin;rgs;gif;jpg;jpeg;jpe;resx;tiff;tif;png;wav</Extensions>
    </Filter>
  </ItemGroup>
  <ItemGroup>
    <Text Include="SkinDescription.txt">
      <Filter>Source Files</Filter>
    </Text>
  </ItemGroup>
  <ItemGroup>
    <Image Include="arrow.png">
    <Image Include="arrow_mask.png">
    <Image Include="arrow_mask120.png">
    <Image Include="arrow_mask144.png">
    <Image Include="arrow_mask192.png">
    <Image Include="arrow120.png">
    <Image Include="arrow144.png">
    <Image Include="arrow192.png">
    <Image Include="fullglass_pager.png">
    <Image Include="fullglass_selector.png">
    <Image Include="fullglass_splitsel.png">
    <Image Include="fullglass1.png">
    <Image Include="fullglass2.png">
    <Image Include="fullglass3.png">
    <Image Include="fullglass4.png">
    <Image Include="fullglasssearch1.png">
    <Image Include="fullglasssearch2.png">
    <Image Include="newsel.png">
    <Image Include="pager_arrows.png">
    <Image Include="pager_arrows120.png">
    <Image Include="pager_arrows144.png">
    <Image Include="pager_arrows192.png">
    <Image Include="pin.png">
    <Image Include="pin120.png">
    <Image Include="pin144.png">
    <Image Include="pin192.png">
    <Image Include="programs.png">
    <Image Include="programs120.png">
    <Image Include="programs144.png">
    <Image Include="programs192.png">
    <Image Include="scroll_arrows.png">
    <Image Include="scroll_arrows120.png">
    <Image Include="scroll_arrows144.png">
    <Image Include="scroll_arrows192.png">
    <Image Include="scrollbkg1.png">
    <Image Include="scrollbkg2.png">
    <Image Include="scrollbkg3.png">
    <Image Include="scrollbtn1.png">
    <Image Include="scrollbtn2.png">
    <Image Include="scrollbtn3.png">
    <Image Include="scrollthumb1.png">
    <Image Include="scrollthumb2.png">
    <Image Include="scrollthumb3.png">
    <Image Include="search.png">
    <Image Include="search_arrow.png">
    <Image Include="search_arrow120.png">
    <Image Include="search_arrow144.png">
    <Image Include="search_arrow192.png">
    <Image Include="search120.png">
    <Image Include="search192.png">
    <Image Include="searchbkg.png">
    <Image Include="separator.png">
    <Image Include="separator144.png">
    <Image Include="shutdown_selector.png">
    <Image Include="submenu.png">
    <Image Include="submenu_pager.png">
    <Image Include="submenu_selector.png">
    <Image Include="submenu_splitsel.png">
    <Image Include="submenu_vertsep.png">
    <Image Include="submenu_vertsep144.png">
    <Image Include="twotone_listsel.png">
    <Image Include="twotone_listsplitsel.png">
    <Image Include="twotone_pager.png">
    <Image Include="twotone_selector.png">
    <Image Include="twotone_splitsel.png">
    <Image Include="twotone1.png">
    <Image Include="twotone2.png">
    <Image Include="twotonejump.png">
    <Image Include="twotonesearch.png">
    <Image Include="user.png">
    <Image Include="user120.png">
    <Image Include="user144.png">
      <Filter>Resource Files</Filter>
    </Image>
  </ItemGroup>
  <ItemGroup>
    <ResourceCompile Include="Immersive7.rc">
      <Filter>Resource Files</Filter>
    </ResourceCompile>
  </ItemGroup>
</Project>